dependencies:
- name: grafana
  repository: oci://ghcr.io/grafana-community/helm-charts
  version: 12.7.2
- name: app-template
  repository: oci://ghcr.io/bjw-s-labs/helm
  version: 5.0.1
digest: sha256:85f1e1375ceac7b5c57d58d0517200e10e52ef6ede214ec3e8e5bf99baaebf8b
generated: "2026-07-10T18:46:31.005335795-03:00"
